Microsoft Visual Studio Solution File, Format Version 12.00
# Visual Studio 15
VisualStudioVersion = 15.0.28307.1267
MinimumVisualStudioVersion = 10.0.40219.1
Project("{930C7802-8A8C-48F9-8165-68863BCCD9DD}") = "FM", "setup\FM\FM.wixproj", "{1DD62DBB-F7D3-40BE-8063-B7B80CEC8B9F}"
EndProject
Project("{930C7802-8A8C-48F9-8165-68863BCCD9DD}") = "DefaultDeltaresDialogs", "setup\DefaultDeltaresDialogs\DefaultDeltaresDialogs.wixproj", "{211886F5-CF84-4A3A-ABFC-2758337943EA}"
EndProject
Global
	GlobalSection(SolutionConfigurationPlatforms) = preSolution
		Debug|x64 = Debug|x64
		Release|x64 = Release|x64
	EndGlobalSection
	GlobalSection(ProjectConfigurationPlatforms) = postSolution
		{1DD62DBB-F7D3-40BE-8063-B7B80CEC8B9F}.Debug|x64.ActiveCfg = Debug|x64
		{1DD62DBB-F7D3-40BE-8063-B7B80CEC8B9F}.Debug|x64.Build.0 = Debug|x64
		{1DD62DBB-F7D3-40BE-8063-B7B80CEC8B9F}.Release|x64.ActiveCfg = Release|x64
		{1DD62DBB-F7D3-40BE-8063-B7B80CEC8B9F}.Release|x64.Build.0 = Release|x64
		{211886F5-CF84-4A3A-ABFC-2758337943EA}.Debug|x64.ActiveCfg = Debug|x64
		{211886F5-CF84-4A3A-ABFC-2758337943EA}.Debug|x64.Build.0 = Debug|x64
		{211886F5-CF84-4A3A-ABFC-2758337943EA}.Release|x64.ActiveCfg = Release|x64
		{211886F5-CF84-4A3A-ABFC-2758337943EA}.Release|x64.Build.0 = Release|x64
	EndGlobalSection
	GlobalSection(SolutionProperties) = preSolution
		HideSolutionNode = FALSE
	EndGlobalSection
	GlobalSection(ExtensibilityGlobals) = postSolution
		SolutionGuid = {6DB99E3C-AF3B-4D4C-A635-CDCD73A8C724}
	EndGlobalSection
EndGlobal
