
Microsoft Visual Studio Solution File, Format Version 12.00
# Visual Studio Version 16
VisualStudioVersion = 16.0.30804.86
MinimumVisualStudioVersion = 10.0.40219.1
Project("{FAE04EC0-301F-11D3-BF4B-00C04F79EFBC}") = "DeltaShell.NGHS.IO", "src\DeltaShell.NGHS.IO\DeltaShell.NGHS.IO.csproj", "{E22A9330-5EE9-4C26-A014-3269BCF78DED}"
EndProject
Project("{2150E333-8FDC-42A3-9474-1A3956D46DE8}") = "src", "src", "{CE217C53-5027-48E1-BE6E-2978691F6BCE}"
EndProject
Project("{2150E333-8FDC-42A3-9474-1A3956D46DE8}") = "test", "test", "{09A651A9-1AA6-4534-860E-35C1302737FA}"
EndProject
Project("{FAE04EC0-301F-11D3-BF4B-00C04F79EFBC}") = "DelftTools.Hydro", "src\DelftTools.Hydro\DelftTools.Hydro.csproj", "{9F94F7FE-C79C-4E32-B3DC-A11C01B79349}"
EndProject
Project("{FAE04EC0-301F-11D3-BF4B-00C04F79EFBC}") = "DeltaShell.Plugins.DelftModels.HydroModel", "src\DeltaShell.Plugins.DelftModels.HydroModel\DeltaShell.Plugins.DelftModels.HydroModel.csproj", "{6F5B9016-2DD7-4148-BA0B-0167B9E57D78}"
EndProject
Project("{FAE04EC0-301F-11D3-BF4B-00C04F79EFBC}") = "DeltaShell.Plugins.DelftModels.HydroModel.Gui", "src\DeltaShell.Plugins.DelftModels.HydroModel.Gui\DeltaShell.Plugins.DelftModels.HydroModel.Gui.csproj", "{67C4F55D-2CF5-424D-91A3-A68365AC1C9C}"
EndProject
Project("{FAE04EC0-301F-11D3-BF4B-00C04F79EFBC}") = "DeltaShell.Plugins.DelftModels.RealTimeControl", "src\DeltaShell.Plugins.DelftModels.RealTimeControl\DeltaShell.Plugins.DelftModels.RealTimeControl.csproj", "{7DAD8091-178D-43B1-97A7-D47A5C5FAAEA}"
EndProject
Project("{FAE04EC0-301F-11D3-BF4B-00C04F79EFBC}") = "DeltaShell.Plugins.DelftModels.RealTimeControl.Gui", "src\DeltaShell.Plugins.DelftModels.RealTimeControl.Gui\DeltaShell.Plugins.DelftModels.RealTimeControl.Gui.csproj", "{A2D91FEB-C4D5-401A-AF97-ED0072899423}"
EndProject
Project("{FAE04EC0-301F-11D3-BF4B-00C04F79EFBC}") = "DeltaShell.Plugins.DelftModels.RTCShapes", "src\DeltaShell.Plugins.DelftModels.RTCShapes\DeltaShell.Plugins.DelftModels.RTCShapes.csproj", "{91A0DBAF-8970-4152-A8CC-EF283AC482C3}"
EndProject
Project("{FAE04EC0-301F-11D3-BF4B-00C04F79EFBC}") = "DeltaShell.Plugins.DelftModels.WaterQualityModel", "src\DeltaShell.Plugins.DelftModels.WaterQualityModel\DeltaShell.Plugins.DelftModels.WaterQualityModel.csproj", "{803D13C0-3274-4C83-AE54-5D828B3338F2}"
EndProject
Project("{FAE04EC0-301F-11D3-BF4B-00C04F79EFBC}") = "DeltaShell.Plugins.DelftModels.WaterQualityModel.Gui", "src\DeltaShell.Plugins.DelftModels.WaterQualityModel.Gui\DeltaShell.Plugins.DelftModels.WaterQualityModel.Gui.csproj", "{0D371464-C886-433D-912D-84A3EF0ADE01}"
EndProject
Project("{FAE04EC0-301F-11D3-BF4B-00C04F79EFBC}") = "DeltaShell.Plugins.FMSuite.Common", "src\DeltaShell.Plugins.FMSuite.Common\DeltaShell.Plugins.FMSuite.Common.csproj", "{33E367F7-FC78-4E22-8213-4374CBFB86CB}"
EndProject
Project("{FAE04EC0-301F-11D3-BF4B-00C04F79EFBC}") = "DeltaShell.Plugins.FMSuite.Common.Gui", "src\DeltaShell.Plugins.FMSuite.Common.Gui\DeltaShell.Plugins.FMSuite.Common.Gui.csproj", "{7F3D15D6-3425-47A6-AFD4-9B6E054EE8BE}"
EndProject
Project("{FAE04EC0-301F-11D3-BF4B-00C04F79EFBC}") = "DeltaShell.Plugins.FMSuite.FlowFM", "src\DeltaShell.Plugins.FMSuite.FlowFM\DeltaShell.Plugins.FMSuite.FlowFM.csproj", "{56103155-E7A6-45D7-BA64-50A6F9D81B94}"
EndProject
Project("{FAE04EC0-301F-11D3-BF4B-00C04F79EFBC}") = "DeltaShell.Plugins.FMSuite.FlowFM.Gui", "src\DeltaShell.Plugins.FMSuite.FlowFM.Gui\DeltaShell.Plugins.FMSuite.FlowFM.Gui.csproj", "{96CD03F1-2715-4827-95E1-3277A2DEADAE}"
EndProject
Project("{FAE04EC0-301F-11D3-BF4B-00C04F79EFBC}") = "DeltaShell.Plugins.FMSuite.Wave", "src\DeltaShell.Plugins.FMSuite.Wave\DeltaShell.Plugins.FMSuite.Wave.csproj", "{6C01336E-AA42-44E2-B72C-430CD2AC4469}"
EndProject
Project("{FAE04EC0-301F-11D3-BF4B-00C04F79EFBC}") = "DeltaShell.Plugins.FMSuite.Wave.Gui", "src\DeltaShell.Plugins.FMSuite.Wave.Gui\DeltaShell.Plugins.FMSuite.Wave.Gui.csproj", "{9BFE4F50-7809-4BB6-A967-51B08E7359F5}"
EndProject
Project("{FAE04EC0-301F-11D3-BF4B-00C04F79EFBC}") = "DeltaShell.Plugins.NetworkEditor.Gui", "src\DeltaShell.Plugins.NetworkEditor.Gui\DeltaShell.Plugins.NetworkEditor.Gui.csproj", "{56F47238-4ADC-4F56-BC27-BF1A0476D85C}"
EndProject
Project("{FAE04EC0-301F-11D3-BF4B-00C04F79EFBC}") = "DeltaShell.Plugins.NetworkEditor", "src\DeltaShell.Plugins.NetworkEditor\DeltaShell.Plugins.NetworkEditor.csproj", "{11330F89-2B3D-449D-9211-EA3E0D7F6CDC}"
EndProject
Project("{FAE04EC0-301F-11D3-BF4B-00C04F79EFBC}") = "DelftTools.Hydro.Tests", "test\DelftTools.Hydro.Tests\DelftTools.Hydro.Tests.csproj", "{49CD81DC-63D2-4A23-818E-ADE790E1D9D8}"
EndProject
Project("{FAE04EC0-301F-11D3-BF4B-00C04F79EFBC}") = "DeltaShell.NGHS.IO.Tests", "test\DeltaShell.NGHS.IO.Tests\DeltaShell.NGHS.IO.Tests.csproj", "{37D8E5D9-D0FD-4AF4-93B3-7F6B663D7B3B}"
EndProject
Project("{FAE04EC0-301F-11D3-BF4B-00C04F79EFBC}") = "DeltaShell.NGHS.IO.TestUtils", "test\DeltaShell.NGHS.IO.TestUtils\DeltaShell.NGHS.IO.TestUtils.csproj", "{002EB0B8-8D52-4794-A00E-A5D1FC465BFD}"
EndProject
Project("{FAE04EC0-301F-11D3-BF4B-00C04F79EFBC}") = "DeltaShell.Plugins.DelftModels.HydroModel.Tests", "test\DeltaShell.Plugins.DelftModels.HydroModel.Tests\DeltaShell.Plugins.DelftModels.HydroModel.Tests.csproj", "{D59204E6-28FC-41FF-AF68-D362AD569FA5}"
EndProject
Project("{FAE04EC0-301F-11D3-BF4B-00C04F79EFBC}") = "DeltaShell.Plugins.DelftModels.RealTimeControl.Tests", "test\DeltaShell.Plugins.DelftModels.RealTimeControl.Tests\DeltaShell.Plugins.DelftModels.RealTimeControl.Tests.csproj", "{47CA60D9-C910-454A-9B82-DB168922E7D3}"
EndProject
Project("{FAE04EC0-301F-11D3-BF4B-00C04F79EFBC}") = "DeltaShell.Plugins.DelftModels.RTCShapes.Tests", "test\DeltaShell.Plugins.DelftModels.RTCShapes\DeltaShell.Plugins.DelftModels.RTCShapes.Tests.csproj", "{7DB6154D-DC27-4F52-8FCB-6E1583CA2C76}"
EndProject
Project("{FAE04EC0-301F-11D3-BF4B-00C04F79EFBC}") = "DeltaShell.Plugins.DelftModels.WaterQualityModel.Tests", "test\DeltaShell.Plugins.DelftModels.WaterQualityModel.Tests\DeltaShell.Plugins.DelftModels.WaterQualityModel.Tests.csproj", "{E4E30624-F4E6-4DAF-97A7-08E131E0C598}"
EndProject
Project("{FAE04EC0-301F-11D3-BF4B-00C04F79EFBC}") = "DeltaShell.Plugins.FMSuite.Common.Tests", "test\DeltaShell.Plugins.FMSuite.Common.Tests\DeltaShell.Plugins.FMSuite.Common.Tests.csproj", "{7EC5B8E8-E326-4C4C-9D9B-E70388F0E4CA}"
EndProject
Project("{FAE04EC0-301F-11D3-BF4B-00C04F79EFBC}") = "DeltaShell.Plugins.FMSuite.FlowFM.Tests", "test\DeltaShell.Plugins.FMSuite.FlowFM.Tests\DeltaShell.Plugins.FMSuite.FlowFM.Tests.csproj", "{19EC5699-52F8-4AD8-A888-C7B65F8F045B}"
EndProject
Project("{FAE04EC0-301F-11D3-BF4B-00C04F79EFBC}") = "DeltaShell.Plugins.FMSuite.Wave.Tests", "test\DeltaShell.Plugins.FMSuite.Wave.Tests\DeltaShell.Plugins.FMSuite.Wave.Tests.csproj", "{78000514-A748-4411-AD2E-4305C52CB626}"
EndProject
Project("{FAE04EC0-301F-11D3-BF4B-00C04F79EFBC}") = "DeltaShell.Plugins.NetworkEditor.IntegrationTests", "test\DeltaShell.Plugins.NetworkEditor.IntegrationTests\DeltaShell.Plugins.NetworkEditor.IntegrationTests.csproj", "{87BD2952-04F1-482D-B7DB-39A1508F55C9}"
EndProject
Project("{FAE04EC0-301F-11D3-BF4B-00C04F79EFBC}") = "DeltaShell.Plugins.NetworkEditor.Tests", "test\DeltaShell.Plugins.NetworkEditor.Tests\DeltaShell.Plugins.NetworkEditor.Tests.csproj", "{2D52249A-F256-49CD-A3F3-3A2EC3944CA7}"
EndProject
Project("{FAE04EC0-301F-11D3-BF4B-00C04F79EFBC}") = "DeltaShell.Plugins.DelftModels.RealTimeControl.TestUtils", "test\DeltaShell.Plugins.DelftModels.RealTimeControl.TestUtils\DeltaShell.Plugins.DelftModels.RealTimeControl.TestUtils.csproj", "{E6D98011-3562-4EE6-961C-19C47139DFE8}"
EndProject
Project("{FAE04EC0-301F-11D3-BF4B-00C04F79EFBC}") = "DeltaShell.Dimr", "src\DeltaShell.Dimr\DeltaShell.Dimr.csproj", "{AD22CEC6-2A71-478C-96C3-B7ACDFE9B84B}"
EndProject
Project("{FAE04EC0-301F-11D3-BF4B-00C04F79EFBC}") = "DeltaShell.Dimr.IntegrationTests", "test\DeltaShell.Dimr.IntegrationTests\DeltaShell.Dimr.IntegrationTests.csproj", "{CF858CE7-64A0-46B1-A075-7394D09C0C80}"
EndProject
Project("{FAE04EC0-301F-11D3-BF4B-00C04F79EFBC}") = "DeltaShell.Dimr.Gui", "src\DeltaShell.Dimr.Gui\DeltaShell.Dimr.Gui.csproj", "{52847CB2-6A62-4B5A-8302-67198745D073}"
EndProject
Project("{FAE04EC0-301F-11D3-BF4B-00C04F79EFBC}") = "DeltaShell.Dimr.Tests", "test\DeltaShell.Dimr.Tests\DeltaShell.Dimr.Tests.csproj", "{F5E4F533-E9BB-4656-AB51-CCDE96EA57A5}"
EndProject
Project("{FAE04EC0-301F-11D3-BF4B-00C04F79EFBC}") = "DeltaShell.NGHS.TestUtils", "test\DeltaShell.NGHS.TestUtils\DeltaShell.NGHS.TestUtils.csproj", "{4A0F7700-AA64-463F-A602-8C15E3886EC5}"
EndProject
Project("{FAE04EC0-301F-11D3-BF4B-00C04F79EFBC}") = "DeltaShell.NGHS.Common", "src\DeltaShell.NGHS.Common\DeltaShell.NGHS.Common.csproj", "{AE78982B-8798-4B5A-9DB4-FCA8F5C8428B}"
EndProject
Project("{FAE04EC0-301F-11D3-BF4B-00C04F79EFBC}") = "DeltaShell.NGHS.Common.Tests", "test\DeltaShell.NGHS.Common.Tests\DeltaShell.NGHS.Common.Tests.csproj", "{DDE486F6-FE47-450D-B337-B6F688BF47BE}"
EndProject
Project("{FAE04EC0-301F-11D3-BF4B-00C04F79EFBC}") = "DeltaShell.NGHS.Common.Gui", "src\DeltaShell.NGHS.Common.Gui\DeltaShell.NGHS.Common.Gui.csproj", "{90DED9A6-DD9A-4694-ADEC-5918C12435C8}"
EndProject
Project("{2150E333-8FDC-42A3-9474-1A3956D46DE8}") = "Solution Items", "Solution Items", "{BD730BB4-360E-462F-AC8A-0F6420283ED9}"
ProjectSection(SolutionItems) = preProject
	Directory.Build.props = Directory.Build.props
	Directory.Build.targets = Directory.Build.targets
	Build\targets\DeltaShell.Plugins.targets = Build\targets\DeltaShell.Plugins.targets
	Directory.Packages.props = Directory.Packages.props
EndProjectSection
EndProject
Global
	GlobalSection(SolutionConfigurationPlatforms) = preSolution
		Debug|Any CPU = Debug|Any CPU
		Release|Any CPU = Release|Any CPU
	EndGlobalSection
	GlobalSection(ProjectConfigurationPlatforms) = postSolution
		{E22A9330-5EE9-4C26-A014-3269BCF78DED}.Debug|Any CPU.ActiveCfg = Debug|Any CPU
		{E22A9330-5EE9-4C26-A014-3269BCF78DED}.Debug|Any CPU.Build.0 = Debug|Any CPU
		{E22A9330-5EE9-4C26-A014-3269BCF78DED}.Release|Any CPU.ActiveCfg = Release|Any CPU
		{E22A9330-5EE9-4C26-A014-3269BCF78DED}.Release|Any CPU.Build.0 = Release|Any CPU
		{9F94F7FE-C79C-4E32-B3DC-A11C01B79349}.Debug|Any CPU.ActiveCfg = Debug|Any CPU
		{9F94F7FE-C79C-4E32-B3DC-A11C01B79349}.Debug|Any CPU.Build.0 = Debug|Any CPU
		{9F94F7FE-C79C-4E32-B3DC-A11C01B79349}.Release|Any CPU.ActiveCfg = Release|Any CPU
		{9F94F7FE-C79C-4E32-B3DC-A11C01B79349}.Release|Any CPU.Build.0 = Release|Any CPU
		{6F5B9016-2DD7-4148-BA0B-0167B9E57D78}.Debug|Any CPU.ActiveCfg = Debug|Any CPU
		{6F5B9016-2DD7-4148-BA0B-0167B9E57D78}.Debug|Any CPU.Build.0 = Debug|Any CPU
		{6F5B9016-2DD7-4148-BA0B-0167B9E57D78}.Release|Any CPU.ActiveCfg = Release|Any CPU
		{6F5B9016-2DD7-4148-BA0B-0167B9E57D78}.Release|Any CPU.Build.0 = Release|Any CPU
		{67C4F55D-2CF5-424D-91A3-A68365AC1C9C}.Debug|Any CPU.ActiveCfg = Debug|Any CPU
		{67C4F55D-2CF5-424D-91A3-A68365AC1C9C}.Debug|Any CPU.Build.0 = Debug|Any CPU
		{67C4F55D-2CF5-424D-91A3-A68365AC1C9C}.Release|Any CPU.ActiveCfg = Release|Any CPU
		{67C4F55D-2CF5-424D-91A3-A68365AC1C9C}.Release|Any CPU.Build.0 = Release|Any CPU
		{7DAD8091-178D-43B1-97A7-D47A5C5FAAEA}.Debug|Any CPU.ActiveCfg = Debug|Any CPU
		{7DAD8091-178D-43B1-97A7-D47A5C5FAAEA}.Debug|Any CPU.Build.0 = Debug|Any CPU
		{7DAD8091-178D-43B1-97A7-D47A5C5FAAEA}.Release|Any CPU.ActiveCfg = Release|Any CPU
		{7DAD8091-178D-43B1-97A7-D47A5C5FAAEA}.Release|Any CPU.Build.0 = Release|Any CPU
		{A2D91FEB-C4D5-401A-AF97-ED0072899423}.Debug|Any CPU.ActiveCfg = Debug|Any CPU
		{A2D91FEB-C4D5-401A-AF97-ED0072899423}.Debug|Any CPU.Build.0 = Debug|Any CPU
		{A2D91FEB-C4D5-401A-AF97-ED0072899423}.Release|Any CPU.ActiveCfg = Release|Any CPU
		{A2D91FEB-C4D5-401A-AF97-ED0072899423}.Release|Any CPU.Build.0 = Release|Any CPU
		{91A0DBAF-8970-4152-A8CC-EF283AC482C3}.Debug|Any CPU.ActiveCfg = Debug|Any CPU
		{91A0DBAF-8970-4152-A8CC-EF283AC482C3}.Debug|Any CPU.Build.0 = Debug|Any CPU
		{91A0DBAF-8970-4152-A8CC-EF283AC482C3}.Release|Any CPU.ActiveCfg = Release|Any CPU
		{91A0DBAF-8970-4152-A8CC-EF283AC482C3}.Release|Any CPU.Build.0 = Release|Any CPU
		{803D13C0-3274-4C83-AE54-5D828B3338F2}.Debug|Any CPU.ActiveCfg = Debug|Any CPU
		{803D13C0-3274-4C83-AE54-5D828B3338F2}.Debug|Any CPU.Build.0 = Debug|Any CPU
		{803D13C0-3274-4C83-AE54-5D828B3338F2}.Release|Any CPU.ActiveCfg = Release|Any CPU
		{803D13C0-3274-4C83-AE54-5D828B3338F2}.Release|Any CPU.Build.0 = Release|Any CPU
		{0D371464-C886-433D-912D-84A3EF0ADE01}.Debug|Any CPU.ActiveCfg = Debug|Any CPU
		{0D371464-C886-433D-912D-84A3EF0ADE01}.Debug|Any CPU.Build.0 = Debug|Any CPU
		{0D371464-C886-433D-912D-84A3EF0ADE01}.Release|Any CPU.ActiveCfg = Release|Any CPU
		{0D371464-C886-433D-912D-84A3EF0ADE01}.Release|Any CPU.Build.0 = Release|Any CPU
		{33E367F7-FC78-4E22-8213-4374CBFB86CB}.Debug|Any CPU.ActiveCfg = Debug|Any CPU
		{33E367F7-FC78-4E22-8213-4374CBFB86CB}.Debug|Any CPU.Build.0 = Debug|Any CPU
		{33E367F7-FC78-4E22-8213-4374CBFB86CB}.Release|Any CPU.ActiveCfg = Release|Any CPU
		{33E367F7-FC78-4E22-8213-4374CBFB86CB}.Release|Any CPU.Build.0 = Release|Any CPU
		{7F3D15D6-3425-47A6-AFD4-9B6E054EE8BE}.Debug|Any CPU.ActiveCfg = Debug|Any CPU
		{7F3D15D6-3425-47A6-AFD4-9B6E054EE8BE}.Debug|Any CPU.Build.0 = Debug|Any CPU
		{7F3D15D6-3425-47A6-AFD4-9B6E054EE8BE}.Release|Any CPU.ActiveCfg = Release|Any CPU
		{7F3D15D6-3425-47A6-AFD4-9B6E054EE8BE}.Release|Any CPU.Build.0 = Release|Any CPU
		{56103155-E7A6-45D7-BA64-50A6F9D81B94}.Debug|Any CPU.ActiveCfg = Debug|Any CPU
		{56103155-E7A6-45D7-BA64-50A6F9D81B94}.Debug|Any CPU.Build.0 = Debug|Any CPU
		{56103155-E7A6-45D7-BA64-50A6F9D81B94}.Release|Any CPU.ActiveCfg = Release|Any CPU
		{56103155-E7A6-45D7-BA64-50A6F9D81B94}.Release|Any CPU.Build.0 = Release|Any CPU
		{96CD03F1-2715-4827-95E1-3277A2DEADAE}.Debug|Any CPU.ActiveCfg = Debug|Any CPU
		{96CD03F1-2715-4827-95E1-3277A2DEADAE}.Debug|Any CPU.Build.0 = Debug|Any CPU
		{96CD03F1-2715-4827-95E1-3277A2DEADAE}.Release|Any CPU.ActiveCfg = Release|Any CPU
		{96CD03F1-2715-4827-95E1-3277A2DEADAE}.Release|Any CPU.Build.0 = Release|Any CPU
		{6C01336E-AA42-44E2-B72C-430CD2AC4469}.Debug|Any CPU.ActiveCfg = Debug|Any CPU
		{6C01336E-AA42-44E2-B72C-430CD2AC4469}.Debug|Any CPU.Build.0 = Debug|Any CPU
		{6C01336E-AA42-44E2-B72C-430CD2AC4469}.Release|Any CPU.ActiveCfg = Release|Any CPU
		{6C01336E-AA42-44E2-B72C-430CD2AC4469}.Release|Any CPU.Build.0 = Release|Any CPU
		{9BFE4F50-7809-4BB6-A967-51B08E7359F5}.Debug|Any CPU.ActiveCfg = Debug|Any CPU
		{9BFE4F50-7809-4BB6-A967-51B08E7359F5}.Debug|Any CPU.Build.0 = Debug|Any CPU
		{9BFE4F50-7809-4BB6-A967-51B08E7359F5}.Release|Any CPU.ActiveCfg = Release|Any CPU
		{9BFE4F50-7809-4BB6-A967-51B08E7359F5}.Release|Any CPU.Build.0 = Release|Any CPU
		{56F47238-4ADC-4F56-BC27-BF1A0476D85C}.Debug|Any CPU.ActiveCfg = Debug|Any CPU
		{56F47238-4ADC-4F56-BC27-BF1A0476D85C}.Debug|Any CPU.Build.0 = Debug|Any CPU
		{56F47238-4ADC-4F56-BC27-BF1A0476D85C}.Release|Any CPU.ActiveCfg = Release|Any CPU
		{56F47238-4ADC-4F56-BC27-BF1A0476D85C}.Release|Any CPU.Build.0 = Release|Any CPU
		{11330F89-2B3D-449D-9211-EA3E0D7F6CDC}.Debug|Any CPU.ActiveCfg = Debug|Any CPU
		{11330F89-2B3D-449D-9211-EA3E0D7F6CDC}.Debug|Any CPU.Build.0 = Debug|Any CPU
		{11330F89-2B3D-449D-9211-EA3E0D7F6CDC}.Release|Any CPU.ActiveCfg = Release|Any CPU
		{11330F89-2B3D-449D-9211-EA3E0D7F6CDC}.Release|Any CPU.Build.0 = Release|Any CPU
		{49CD81DC-63D2-4A23-818E-ADE790E1D9D8}.Debug|Any CPU.ActiveCfg = Debug|Any CPU
		{49CD81DC-63D2-4A23-818E-ADE790E1D9D8}.Debug|Any CPU.Build.0 = Debug|Any CPU
		{49CD81DC-63D2-4A23-818E-ADE790E1D9D8}.Release|Any CPU.ActiveCfg = Release|Any CPU
		{49CD81DC-63D2-4A23-818E-ADE790E1D9D8}.Release|Any CPU.Build.0 = Release|Any CPU
		{37D8E5D9-D0FD-4AF4-93B3-7F6B663D7B3B}.Debug|Any CPU.ActiveCfg = Debug|Any CPU
		{37D8E5D9-D0FD-4AF4-93B3-7F6B663D7B3B}.Debug|Any CPU.Build.0 = Debug|Any CPU
		{37D8E5D9-D0FD-4AF4-93B3-7F6B663D7B3B}.Release|Any CPU.ActiveCfg = Release|Any CPU
		{37D8E5D9-D0FD-4AF4-93B3-7F6B663D7B3B}.Release|Any CPU.Build.0 = Release|Any CPU
		{002EB0B8-8D52-4794-A00E-A5D1FC465BFD}.Debug|Any CPU.ActiveCfg = Debug|Any CPU
		{002EB0B8-8D52-4794-A00E-A5D1FC465BFD}.Debug|Any CPU.Build.0 = Debug|Any CPU
		{002EB0B8-8D52-4794-A00E-A5D1FC465BFD}.Release|Any CPU.ActiveCfg = Release|Any CPU
		{002EB0B8-8D52-4794-A00E-A5D1FC465BFD}.Release|Any CPU.Build.0 = Release|Any CPU
		{D59204E6-28FC-41FF-AF68-D362AD569FA5}.Debug|Any CPU.ActiveCfg = Debug|Any CPU
		{D59204E6-28FC-41FF-AF68-D362AD569FA5}.Debug|Any CPU.Build.0 = Debug|Any CPU
		{D59204E6-28FC-41FF-AF68-D362AD569FA5}.Release|Any CPU.ActiveCfg = Release|Any CPU
		{D59204E6-28FC-41FF-AF68-D362AD569FA5}.Release|Any CPU.Build.0 = Release|Any CPU
		{47CA60D9-C910-454A-9B82-DB168922E7D3}.Debug|Any CPU.ActiveCfg = Debug|Any CPU
		{47CA60D9-C910-454A-9B82-DB168922E7D3}.Debug|Any CPU.Build.0 = Debug|Any CPU
		{47CA60D9-C910-454A-9B82-DB168922E7D3}.Release|Any CPU.ActiveCfg = Release|Any CPU
		{47CA60D9-C910-454A-9B82-DB168922E7D3}.Release|Any CPU.Build.0 = Release|Any CPU
		{7DB6154D-DC27-4F52-8FCB-6E1583CA2C76}.Debug|Any CPU.ActiveCfg = Debug|Any CPU
		{7DB6154D-DC27-4F52-8FCB-6E1583CA2C76}.Debug|Any CPU.Build.0 = Debug|Any CPU
		{7DB6154D-DC27-4F52-8FCB-6E1583CA2C76}.Release|Any CPU.ActiveCfg = Release|Any CPU
		{7DB6154D-DC27-4F52-8FCB-6E1583CA2C76}.Release|Any CPU.Build.0 = Release|Any CPU
		{E4E30624-F4E6-4DAF-97A7-08E131E0C598}.Debug|Any CPU.ActiveCfg = Debug|Any CPU
		{E4E30624-F4E6-4DAF-97A7-08E131E0C598}.Debug|Any CPU.Build.0 = Debug|Any CPU
		{E4E30624-F4E6-4DAF-97A7-08E131E0C598}.Release|Any CPU.ActiveCfg = Release|Any CPU
		{E4E30624-F4E6-4DAF-97A7-08E131E0C598}.Release|Any CPU.Build.0 = Release|Any CPU
		{7EC5B8E8-E326-4C4C-9D9B-E70388F0E4CA}.Debug|Any CPU.ActiveCfg = Debug|Any CPU
		{7EC5B8E8-E326-4C4C-9D9B-E70388F0E4CA}.Debug|Any CPU.Build.0 = Debug|Any CPU
		{7EC5B8E8-E326-4C4C-9D9B-E70388F0E4CA}.Release|Any CPU.ActiveCfg = Release|Any CPU
		{7EC5B8E8-E326-4C4C-9D9B-E70388F0E4CA}.Release|Any CPU.Build.0 = Release|Any CPU
		{19EC5699-52F8-4AD8-A888-C7B65F8F045B}.Debug|Any CPU.ActiveCfg = Debug|Any CPU
		{19EC5699-52F8-4AD8-A888-C7B65F8F045B}.Debug|Any CPU.Build.0 = Debug|Any CPU
		{19EC5699-52F8-4AD8-A888-C7B65F8F045B}.Release|Any CPU.ActiveCfg = Release|Any CPU
		{19EC5699-52F8-4AD8-A888-C7B65F8F045B}.Release|Any CPU.Build.0 = Release|Any CPU
		{78000514-A748-4411-AD2E-4305C52CB626}.Debug|Any CPU.ActiveCfg = Debug|Any CPU
		{78000514-A748-4411-AD2E-4305C52CB626}.Debug|Any CPU.Build.0 = Debug|Any CPU
		{78000514-A748-4411-AD2E-4305C52CB626}.Release|Any CPU.ActiveCfg = Release|Any CPU
		{78000514-A748-4411-AD2E-4305C52CB626}.Release|Any CPU.Build.0 = Release|Any CPU
		{87BD2952-04F1-482D-B7DB-39A1508F55C9}.Debug|Any CPU.ActiveCfg = Debug|Any CPU
		{87BD2952-04F1-482D-B7DB-39A1508F55C9}.Debug|Any CPU.Build.0 = Debug|Any CPU
		{87BD2952-04F1-482D-B7DB-39A1508F55C9}.Release|Any CPU.ActiveCfg = Release|Any CPU
		{87BD2952-04F1-482D-B7DB-39A1508F55C9}.Release|Any CPU.Build.0 = Release|Any CPU
		{2D52249A-F256-49CD-A3F3-3A2EC3944CA7}.Debug|Any CPU.ActiveCfg = Debug|Any CPU
		{2D52249A-F256-49CD-A3F3-3A2EC3944CA7}.Debug|Any CPU.Build.0 = Debug|Any CPU
		{2D52249A-F256-49CD-A3F3-3A2EC3944CA7}.Release|Any CPU.ActiveCfg = Release|Any CPU
		{2D52249A-F256-49CD-A3F3-3A2EC3944CA7}.Release|Any CPU.Build.0 = Release|Any CPU
		{E6D98011-3562-4EE6-961C-19C47139DFE8}.Debug|Any CPU.ActiveCfg = Debug|Any CPU
		{E6D98011-3562-4EE6-961C-19C47139DFE8}.Debug|Any CPU.Build.0 = Debug|Any CPU
		{E6D98011-3562-4EE6-961C-19C47139DFE8}.Release|Any CPU.ActiveCfg = Release|Any CPU
		{E6D98011-3562-4EE6-961C-19C47139DFE8}.Release|Any CPU.Build.0 = Release|Any CPU
		{AD22CEC6-2A71-478C-96C3-B7ACDFE9B84B}.Debug|Any CPU.ActiveCfg = Debug|Any CPU
		{AD22CEC6-2A71-478C-96C3-B7ACDFE9B84B}.Debug|Any CPU.Build.0 = Debug|Any CPU
		{AD22CEC6-2A71-478C-96C3-B7ACDFE9B84B}.Release|Any CPU.ActiveCfg = Release|Any CPU
		{AD22CEC6-2A71-478C-96C3-B7ACDFE9B84B}.Release|Any CPU.Build.0 = Release|Any CPU
		{CF858CE7-64A0-46B1-A075-7394D09C0C80}.Debug|Any CPU.ActiveCfg = Debug|Any CPU
		{CF858CE7-64A0-46B1-A075-7394D09C0C80}.Debug|Any CPU.Build.0 = Debug|Any CPU
		{CF858CE7-64A0-46B1-A075-7394D09C0C80}.Release|Any CPU.ActiveCfg = Release|Any CPU
		{CF858CE7-64A0-46B1-A075-7394D09C0C80}.Release|Any CPU.Build.0 = Release|Any CPU
		{52847CB2-6A62-4B5A-8302-67198745D073}.Debug|Any CPU.ActiveCfg = Debug|Any CPU
		{52847CB2-6A62-4B5A-8302-67198745D073}.Debug|Any CPU.Build.0 = Debug|Any CPU
		{52847CB2-6A62-4B5A-8302-67198745D073}.Release|Any CPU.ActiveCfg = Release|Any CPU
		{52847CB2-6A62-4B5A-8302-67198745D073}.Release|Any CPU.Build.0 = Release|Any CPU
		{F5E4F533-E9BB-4656-AB51-CCDE96EA57A5}.Debug|Any CPU.ActiveCfg = Debug|Any CPU
		{F5E4F533-E9BB-4656-AB51-CCDE96EA57A5}.Debug|Any CPU.Build.0 = Debug|Any CPU
		{F5E4F533-E9BB-4656-AB51-CCDE96EA57A5}.Release|Any CPU.ActiveCfg = Release|Any CPU
		{F5E4F533-E9BB-4656-AB51-CCDE96EA57A5}.Release|Any CPU.Build.0 = Release|Any CPU
		{4A0F7700-AA64-463F-A602-8C15E3886EC5}.Debug|Any CPU.ActiveCfg = Debug|Any CPU
		{4A0F7700-AA64-463F-A602-8C15E3886EC5}.Debug|Any CPU.Build.0 = Debug|Any CPU
		{4A0F7700-AA64-463F-A602-8C15E3886EC5}.Release|Any CPU.ActiveCfg = Release|Any CPU
		{4A0F7700-AA64-463F-A602-8C15E3886EC5}.Release|Any CPU.Build.0 = Release|Any CPU
		{AE78982B-8798-4B5A-9DB4-FCA8F5C8428B}.Debug|Any CPU.ActiveCfg = Debug|Any CPU
		{AE78982B-8798-4B5A-9DB4-FCA8F5C8428B}.Debug|Any CPU.Build.0 = Debug|Any CPU
		{AE78982B-8798-4B5A-9DB4-FCA8F5C8428B}.Release|Any CPU.ActiveCfg = Release|Any CPU
		{AE78982B-8798-4B5A-9DB4-FCA8F5C8428B}.Release|Any CPU.Build.0 = Release|Any CPU
		{DDE486F6-FE47-450D-B337-B6F688BF47BE}.Debug|Any CPU.ActiveCfg = Debug|Any CPU
		{DDE486F6-FE47-450D-B337-B6F688BF47BE}.Debug|Any CPU.Build.0 = Debug|Any CPU
		{DDE486F6-FE47-450D-B337-B6F688BF47BE}.Release|Any CPU.ActiveCfg = Release|Any CPU
		{DDE486F6-FE47-450D-B337-B6F688BF47BE}.Release|Any CPU.Build.0 = Release|Any CPU
		{90DED9A6-DD9A-4694-ADEC-5918C12435C8}.Debug|Any CPU.ActiveCfg = Debug|Any CPU
		{90DED9A6-DD9A-4694-ADEC-5918C12435C8}.Debug|Any CPU.Build.0 = Debug|Any CPU
		{90DED9A6-DD9A-4694-ADEC-5918C12435C8}.Release|Any CPU.ActiveCfg = Release|Any CPU
		{90DED9A6-DD9A-4694-ADEC-5918C12435C8}.Release|Any CPU.Build.0 = Release|Any CPU
	EndGlobalSection
	GlobalSection(SolutionProperties) = preSolution
		HideSolutionNode = FALSE
	EndGlobalSection
	GlobalSection(NestedProjects) = preSolution
		{E22A9330-5EE9-4C26-A014-3269BCF78DED} = {CE217C53-5027-48E1-BE6E-2978691F6BCE}
		{9F94F7FE-C79C-4E32-B3DC-A11C01B79349} = {CE217C53-5027-48E1-BE6E-2978691F6BCE}
		{6F5B9016-2DD7-4148-BA0B-0167B9E57D78} = {CE217C53-5027-48E1-BE6E-2978691F6BCE}
		{67C4F55D-2CF5-424D-91A3-A68365AC1C9C} = {CE217C53-5027-48E1-BE6E-2978691F6BCE}
		{7DAD8091-178D-43B1-97A7-D47A5C5FAAEA} = {CE217C53-5027-48E1-BE6E-2978691F6BCE}
		{A2D91FEB-C4D5-401A-AF97-ED0072899423} = {CE217C53-5027-48E1-BE6E-2978691F6BCE}
		{91A0DBAF-8970-4152-A8CC-EF283AC482C3} = {CE217C53-5027-48E1-BE6E-2978691F6BCE}
		{803D13C0-3274-4C83-AE54-5D828B3338F2} = {CE217C53-5027-48E1-BE6E-2978691F6BCE}
		{0D371464-C886-433D-912D-84A3EF0ADE01} = {CE217C53-5027-48E1-BE6E-2978691F6BCE}
		{33E367F7-FC78-4E22-8213-4374CBFB86CB} = {CE217C53-5027-48E1-BE6E-2978691F6BCE}
		{7F3D15D6-3425-47A6-AFD4-9B6E054EE8BE} = {CE217C53-5027-48E1-BE6E-2978691F6BCE}
		{56103155-E7A6-45D7-BA64-50A6F9D81B94} = {CE217C53-5027-48E1-BE6E-2978691F6BCE}
		{96CD03F1-2715-4827-95E1-3277A2DEADAE} = {CE217C53-5027-48E1-BE6E-2978691F6BCE}
		{6C01336E-AA42-44E2-B72C-430CD2AC4469} = {CE217C53-5027-48E1-BE6E-2978691F6BCE}
		{9BFE4F50-7809-4BB6-A967-51B08E7359F5} = {CE217C53-5027-48E1-BE6E-2978691F6BCE}
		{56F47238-4ADC-4F56-BC27-BF1A0476D85C} = {CE217C53-5027-48E1-BE6E-2978691F6BCE}
		{11330F89-2B3D-449D-9211-EA3E0D7F6CDC} = {CE217C53-5027-48E1-BE6E-2978691F6BCE}
		{49CD81DC-63D2-4A23-818E-ADE790E1D9D8} = {09A651A9-1AA6-4534-860E-35C1302737FA}
		{37D8E5D9-D0FD-4AF4-93B3-7F6B663D7B3B} = {09A651A9-1AA6-4534-860E-35C1302737FA}
		{002EB0B8-8D52-4794-A00E-A5D1FC465BFD} = {09A651A9-1AA6-4534-860E-35C1302737FA}
		{D59204E6-28FC-41FF-AF68-D362AD569FA5} = {09A651A9-1AA6-4534-860E-35C1302737FA}
		{47CA60D9-C910-454A-9B82-DB168922E7D3} = {09A651A9-1AA6-4534-860E-35C1302737FA}
		{7DB6154D-DC27-4F52-8FCB-6E1583CA2C76} = {09A651A9-1AA6-4534-860E-35C1302737FA}
		{E4E30624-F4E6-4DAF-97A7-08E131E0C598} = {09A651A9-1AA6-4534-860E-35C1302737FA}
		{7EC5B8E8-E326-4C4C-9D9B-E70388F0E4CA} = {09A651A9-1AA6-4534-860E-35C1302737FA}
		{19EC5699-52F8-4AD8-A888-C7B65F8F045B} = {09A651A9-1AA6-4534-860E-35C1302737FA}
		{78000514-A748-4411-AD2E-4305C52CB626} = {09A651A9-1AA6-4534-860E-35C1302737FA}
		{87BD2952-04F1-482D-B7DB-39A1508F55C9} = {09A651A9-1AA6-4534-860E-35C1302737FA}
		{2D52249A-F256-49CD-A3F3-3A2EC3944CA7} = {09A651A9-1AA6-4534-860E-35C1302737FA}
		{E6D98011-3562-4EE6-961C-19C47139DFE8} = {09A651A9-1AA6-4534-860E-35C1302737FA}
		{AD22CEC6-2A71-478C-96C3-B7ACDFE9B84B} = {CE217C53-5027-48E1-BE6E-2978691F6BCE}
		{CF858CE7-64A0-46B1-A075-7394D09C0C80} = {09A651A9-1AA6-4534-860E-35C1302737FA}
		{52847CB2-6A62-4B5A-8302-67198745D073} = {CE217C53-5027-48E1-BE6E-2978691F6BCE}
		{F5E4F533-E9BB-4656-AB51-CCDE96EA57A5} = {09A651A9-1AA6-4534-860E-35C1302737FA}
		{4A0F7700-AA64-463F-A602-8C15E3886EC5} = {09A651A9-1AA6-4534-860E-35C1302737FA}
		{AE78982B-8798-4B5A-9DB4-FCA8F5C8428B} = {CE217C53-5027-48E1-BE6E-2978691F6BCE}
		{DDE486F6-FE47-450D-B337-B6F688BF47BE} = {09A651A9-1AA6-4534-860E-35C1302737FA}
		{90DED9A6-DD9A-4694-ADEC-5918C12435C8} = {CE217C53-5027-48E1-BE6E-2978691F6BCE}
	EndGlobalSection
	GlobalSection(ExtensibilityGlobals) = postSolution
		SolutionGuid = {08DB0000-7081-4B90-A760-F1705EB6D46A}
	EndGlobalSection
EndGlobal
